<?xml version="1.0" encoding="utf-8"?>
<Project ToolsVersion="4.0" xmlns="http://schemas.microsoft.com/developer/msbuild/2003">
  <ItemGroup>
    <Filter Include="GameClient">
      <UniqueIdentifier>{6545b431-d0a3-449d-ae8e-740f273f38a3}</UniqueIdentifier>
    </Filter>
    <Filter Include="GameEngine">
      <UniqueIdentifier>{3a48276c-3960-42b8-a6fb-45b0a9d8dc16}</UniqueIdentifier>
    </Filter>
    <Filter Include="GameEngine\WindowingSystem">
      <UniqueIdentifier>{db086d02-3b28-41b7-a80d-38f6275a8187}</UniqueIdentifier>
    </Filter>
    <Filter Include="GameClient\MainGame">
      <UniqueIdentifier>{c2eed3b7-8a2d-4f90-948d-554d99bf2ea2}</UniqueIdentifier>
    </Filter>
    <Filter Include="GameEngine\InputSystem">
      <UniqueIdentifier>{e2511079-3885-40bf-aff1-0055bd75759f}</UniqueIdentifier>
    </Filter>
    <Filter Include="GameEngine\Math">
      <UniqueIdentifier>{1034994f-a6a9-452e-bd80-d07b70b8854b}</UniqueIdentifier>
    </Filter>
  </ItemGroup>
  <ItemGroup>
    <ClCompile Include="main.cpp">
      <Filter>GameClient</Filter>
    </ClCompile>
    <ClCompile Include="Window.cpp">
      <Filter>GameEngine\WindowingSystem</Filter>
    </ClCompile>
    <ClCompile Include="MainGame.cpp">
      <Filter>GameClient\MainGame</Filter>
    </ClCompile>
  </ItemGroup>
  <ItemGroup>
    <ClInclude Include="Window.h">
      <Filter>GameEngine\WindowingSystem</Filter>
    </ClInclude>
    <ClInclude Include="MainGame.h">
      <Filter>GameClient\MainGame</Filter>
    </ClInclude>
    <ClInclude Include="InputListener.h">
      <Filter>GameEngine\InputSystem</Filter>
    </ClInclude>
    <ClInclude Include="Point.h">
      <Filter>GameEngine\Math</Filter>
    </ClInclude>
  </ItemGroup>
</Project>